
Microsoft Visual Studio Solution File, Format Version 12.00
# Visual Studio Version 16
VisualStudioVersion = 16.0.31205.134
MinimumVisualStudioVersion = 10.0.40219.1
Project("{9A19103F-16F7-4668-BE54-9A1E7A4F7556}") = "FizzBuzz", "FizzBuzz\FizzBuzz.csproj", "{046A2999-B78D-4653-895B-64048979B526}"
EndProject
Project("{9A19103F-16F7-4668-BE54-9A1E7A4F7556}") = "FizzBuzz.Tests", "FizzBuzz.Tests\FizzBuzz.Tests.csproj", "{1E4B5E73-9EFD-4383-A654-6D7365815ED6}"
EndProject
Project("{2150E333-8FDC-42A3-9474-1A3956D46DE8}") = "FizzBuzzKata", "FizzBuzzKata", "{E8F8EDC1-C8AF-4C3A-BEF1-1D8326C52676}"
EndProject
Project("{FAE04EC0-301F-11D3-BF4B-00C04F79EFBC}") = "ConsoleBowling", "ConsoleBowling\ConsoleBowling.csproj", "{B40875A3-DE84-46BC-808D-B8CFAD26E1C1}"
EndProject
Project("{FAE04EC0-301F-11D3-BF4B-00C04F79EFBC}") = "ConsoleBowling.Tests", "ConsoleBowling.Tests\ConsoleBowling.Tests.csproj", "{CAAA60D3-94F0-4721-8239-1626CD54CA01}"
EndProject
Project("{2150E333-8FDC-42A3-9474-1A3956D46DE8}") = "ConsoleBowlingKata", "ConsoleBowlingKata", "{A65B2AEC-09D3-4D48-98B2-601EC7C03F7D}"
EndProject
Global
	GlobalSection(SolutionConfigurationPlatforms) = preSolution
		Debug|Any CPU = Debug|Any CPU
		Release|Any CPU = Release|Any CPU
	EndGlobalSection
	GlobalSection(ProjectConfigurationPlatforms) = postSolution
		{046A2999-B78D-4653-895B-64048979B526}.Debug|Any CPU.ActiveCfg = Debug|Any CPU
		{046A2999-B78D-4653-895B-64048979B526}.Debug|Any CPU.Build.0 = Debug|Any CPU
		{046A2999-B78D-4653-895B-64048979B526}.Release|Any CPU.ActiveCfg = Release|Any CPU
		{046A2999-B78D-4653-895B-64048979B526}.Release|Any CPU.Build.0 = Release|Any CPU
		{1E4B5E73-9EFD-4383-A654-6D7365815ED6}.Debug|Any CPU.ActiveCfg = Debug|Any CPU
		{1E4B5E73-9EFD-4383-A654-6D7365815ED6}.Debug|Any CPU.Build.0 = Debug|Any CPU
		{1E4B5E73-9EFD-4383-A654-6D7365815ED6}.Release|Any CPU.ActiveCfg = Release|Any CPU
		{1E4B5E73-9EFD-4383-A654-6D7365815ED6}.Release|Any CPU.Build.0 = Release|Any CPU
		{B40875A3-DE84-46BC-808D-B8CFAD26E1C1}.Debug|Any CPU.ActiveCfg = Debug|Any CPU
		{B40875A3-DE84-46BC-808D-B8CFAD26E1C1}.Debug|Any CPU.Build.0 = Debug|Any CPU
		{B40875A3-DE84-46BC-808D-B8CFAD26E1C1}.Release|Any CPU.ActiveCfg = Release|Any CPU
		{B40875A3-DE84-46BC-808D-B8CFAD26E1C1}.Release|Any CPU.Build.0 = Release|Any CPU
		{CAAA60D3-94F0-4721-8239-1626CD54CA01}.Debug|Any CPU.ActiveCfg = Debug|Any CPU
		{CAAA60D3-94F0-4721-8239-1626CD54CA01}.Debug|Any CPU.Build.0 = Debug|Any CPU
		{CAAA60D3-94F0-4721-8239-1626CD54CA01}.Release|Any CPU.ActiveCfg = Release|Any CPU
		{CAAA60D3-94F0-4721-8239-1626CD54CA01}.Release|Any CPU.Build.0 = Release|Any CPU
	EndGlobalSection
	GlobalSection(SolutionProperties) = preSolution
		HideSolutionNode = FALSE
	EndGlobalSection
	GlobalSection(NestedProjects) = preSolution
		{046A2999-B78D-4653-895B-64048979B526} = {E8F8EDC1-C8AF-4C3A-BEF1-1D8326C52676}
		{1E4B5E73-9EFD-4383-A654-6D7365815ED6} = {E8F8EDC1-C8AF-4C3A-BEF1-1D8326C52676}
		{B40875A3-DE84-46BC-808D-B8CFAD26E1C1} = {A65B2AEC-09D3-4D48-98B2-601EC7C03F7D}
		{CAAA60D3-94F0-4721-8239-1626CD54CA01} = {A65B2AEC-09D3-4D48-98B2-601EC7C03F7D}
	EndGlobalSection
	GlobalSection(ExtensibilityGlobals) = postSolution
		SolutionGuid = {05AE32C7-AAFB-4A00-8E5C-9CF826A9D00D}
	EndGlobalSection
EndGlobal
